// !$*UTF8*$!
{
	archiveVersion = 1;
	classes = {
	};
	objectVersion = 46;
	objects = {

/* Begin PBXBuildFile section */
		A35D46751E66547D00CDCC48 /* Home.storyboard in Resources */ = {isa = PBXBuildFile; fileRef = A35D46731E66547D00CDCC48 /* Home.storyboard */; };
		A35D46781E6654D400CDCC48 /* Live.storyboard in Resources */ = {isa = PBXBuildFile; fileRef = A35D46761E6654D400CDCC48 /* Live.storyboard */; };
		A35D467E1E66550F00CDCC48 /* Follow.storyboard in Resources */ = {isa = PBXBuildFile; fileRef = A35D467C1E66550F00CDCC48 /* Follow.storyboard */; };
		A35D468F1E665A5C00CDCC48 /* Profile.storyboard in Resources */ = {isa = PBXBuildFile; fileRef = A35D468D1E665A5C00CDCC48 /* Profile.storyboard */; };
		A35D46921E665A6600CDCC48 /* Discovery.storyboard in Resources */ = {isa = PBXBuildFile; fileRef = A35D46901E665A6600CDCC48 /* Discovery.storyboard */; };
		A35D46971E665ABB00CDCC48 /* MainViewController.swift in Sources */ = {isa = PBXBuildFile; fileRef = A35D46941E665ABB00CDCC48 /* MainViewController.swift */; };
		A35D469C1E665B0B00CDCC48 /* HomeViewController.swift in Sources */ = {isa = PBXBuildFile; fileRef = A35D469B1E665B0B00CDCC48 /* HomeViewController.swift */; };
		A35D469F1E66629900CDCC48 /* UIBarButtonItem-Extension.swift in Sources */ = {isa = PBXBuildFile; fileRef = A35D469E1E66629900CDCC48 /* UIBarButtonItem-Extension.swift */; };
		A35D46A11E666E0800CDCC48 /* PageTitleView.swift in Sources */ = {isa = PBXBuildFile; fileRef = A35D46A01E666E0800CDCC48 /* PageTitleView.swift */; };
		A35D46A31E66700200CDCC48 /* Common.swift in Sources */ = {isa = PBXBuildFile; fileRef = A35D46A21E66700200CDCC48 /* Common.swift */; };
		A39655221E65AFB4002EE73C /* AppDelegate.swift in Sources */ = {isa = PBXBuildFile; fileRef = A39655211E65AFB4002EE73C /* AppDelegate.swift */; };
		A39655271E65AFB4002EE73C /* Main.storyboard in Resources */ = {isa = PBXBuildFile; fileRef = A39655251E65AFB4002EE73C /* Main.storyboard */; };
		A39655291E65AFB4002EE73C /* Assets.xcassets in Resources */ = {isa = PBXBuildFile; fileRef = A39655281E65AFB4002EE73C /* Assets.xcassets */; };
		A396552C1E65AFB4002EE73C /* LaunchScreen.storyboard in Resources */ = {isa = PBXBuildFile; fileRef = A396552A1E65AFB4002EE73C /* LaunchScreen.storyboard */; };
/* End PBXBuildFile section */

/* Begin PBXFileReference section */
		A35D46741E66547D00CDCC48 /* Base */ = {isa = PBXFileReference; lastKnownFileType = file.storyboard; name = Base; path = DouYu/Base.lproj/Home.storyboard; sourceTree = SOURCE_ROOT; };
		A35D46771E6654D400CDCC48 /* Base */ = {isa = PBXFileReference; lastKnownFileType = file.storyboard; name = Base; path = DouYu/Base.lproj/Live.storyboard; sourceTree = SOURCE_ROOT; };
		A35D467D1E66550F00CDCC48 /* Base */ = {isa = PBXFileReference; lastKnownFileType = file.storyboard; name = Base; path = DouYu/Base.lproj/Follow.storyboard; sourceTree = SOURCE_ROOT; };
		A35D468E1E665A5C00CDCC48 /* Base */ = {isa = PBXFileReference; lastKnownFileType = file.storyboard; name = Base; path = DouYu/Base.lproj/Profile.storyboard; sourceTree = SOURCE_ROOT; };
		A35D46911E665A6600CDCC48 /* Base */ = {isa = PBXFileReference; lastKnownFileType = file.storyboard; name = Base; path = DouYu/Base.lproj/Discovery.storyboard; sourceTree = SOURCE_ROOT; };
		A35D46941E665ABB00CDCC48 /* MainViewController.swift */ = {isa = PBXFileReference; fileEncoding = 4; lastKnownFileType = sourcecode.swift; path = MainViewController.swift; sourceTree = "<group>"; };
		A35D469B1E665B0B00CDCC48 /* HomeViewController.swift */ = {isa = PBXFileReference; fileEncoding = 4; lastKnownFileType = sourcecode.swift; path = HomeViewController.swift; sourceTree = "<group>"; };
		A35D469E1E66629900CDCC48 /* UIBarButtonItem-Extension.swift */ = {isa = PBXFileReference; fileEncoding = 4; lastKnownFileType = sourcecode.swift; path = "UIBarButtonItem-Extension.swift"; sourceTree = "<group>"; };
		A35D46A01E666E0800CDCC48 /* PageTitleView.swift */ = {isa = PBXFileReference; fileEncoding = 4; lastKnownFileType = sourcecode.swift; path = PageTitleView.swift; sourceTree = "<group>"; };
		A35D46A21E66700200CDCC48 /* Common.swift */ = {isa = PBXFileReference; fileEncoding = 4; lastKnownFileType = sourcecode.swift; path = Common.swift; sourceTree = "<group>"; };
		A396551E1E65AFB4002EE73C /* DouYu.app */ = {isa = PBXFileReference; explicitFileType = wrapper.application; includeInIndex = 0; path = DouYu.app; sourceTree = BUILT_PRODUCTS_DIR; };
		A39655211E65AFB4002EE73C /* AppDelegate.swift */ = {isa = PBXFileReference; lastKnownFileType = sourcecode.swift; path = AppDelegate.swift; sourceTree = "<group>"; };
		A39655261E65AFB4002EE73C /* Base */ = {isa = PBXFileReference; lastKnownFileType = file.storyboard; name = Base; path = Base.lproj/Main.storyboard; sourceTree = "<group>"; };
		A39655281E65AFB4002EE73C /* Assets.xcassets */ = {isa = PBXFileReference; lastKnownFileType = folder.assetcatalog; path = Assets.xcassets; sourceTree = "<group>"; };
		A396552B1E65AFB4002EE73C /* Base */ = {isa = PBXFileReference; lastKnownFileType = file.storyboard; name = Base; path = Base.lproj/LaunchScreen.storyboard; sourceTree = "<group>"; };
		A396552D1E65AFB4002EE73C /* Info.plist */ = {isa = PBXFileReference; lastKnownFileType = text.plist.xml; path = Info.plist; sourceTree = "<group>"; };
/* End PBXFileReference section */

/* Begin PBXFrameworksBuildPhase section */
		A396551B1E65AFB4002EE73C /* Frameworks */ = {
			isa = PBXFrameworksBuildPhase;
			buildActionMask = 2147483647;
			files = (
			);
			runOnlyForDeploymentPostprocessing = 0;
		};
/* End PBXFrameworksBuildPhase section */

/* Begin PBXGroup section */
		A351B89E1E65CC52003E312D /* Classes */ = {
			isa = PBXGroup;
			children = (
				A351B8A21E65CC52003E312D /* Main */,
				A351B8A01E65CC52003E312D /* Home */,
				A351B8A11E65CC52003E312D /* Live */,
				A351B89F1E65CC52003E312D /* Follow */,
				A35D46721E6653C700CDCC48 /* Discovery */,
				A351B8A31E65CC52003E312D /* Profile */,
				A351B8A41E65CC52003E312D /* Tools */,
			);
			path = Classes;
			sourceTree = "<group>";
		};
		A351B89F1E65CC52003E312D /* Follow */ = {
			isa = PBXGroup;
			children = (
				A35D467C1E66550F00CDCC48 /* Follow.storyboard */,
			);
			path = Follow;
			sourceTree = "<group>";
		};
		A351B8A01E65CC52003E312D /* Home */ = {
			isa = PBXGroup;
			children = (
				A35D46981E665AEB00CDCC48 /* Controller */,
				A35D46991E665AEB00CDCC48 /* Model */,
				A35D469A1E665AEB00CDCC48 /* View */,
				A35D46731E66547D00CDCC48 /* Home.storyboard */,
			);
			path = Home;
			sourceTree = "<group>";
		};
		A351B8A11E65CC52003E312D /* Live */ = {
			isa = PBXGroup;
			children = (
				A35D46761E6654D400CDCC48 /* Live.storyboard */,
			);
			path = Live;
			sourceTree = "<group>";
		};
		A351B8A21E65CC52003E312D /* Main */ = {
			isa = PBXGroup;
			children = (
				A35D46951E665ABB00CDCC48 /* Model */,
				A35D46961E665ABB00CDCC48 /* View */,
				A35D46931E665ABB00CDCC48 /* Controller */,
				A39655251E65AFB4002EE73C /* Main.storyboard */,
			);
			path = Main;
			sourceTree = "<group>";
		};
		A351B8A31E65CC52003E312D /* Profile */ = {
			isa = PBXGroup;
			children = (
				A35D468D1E665A5C00CDCC48 /* Profile.storyboard */,
			);
			path = Profile;
			sourceTree = "<group>";
		};
		A351B8A41E65CC52003E312D /* Tools */ = {
			isa = PBXGroup;
			children = (
				A35D469D1E66623B00CDCC48 /* Extension */,
				A35D46A21E66700200CDCC48 /* Common.swift */,
			);
			path = Tools;
			sourceTree = "<group>";
		};
		A35D46721E6653C700CDCC48 /* Discovery */ = {
			isa = PBXGroup;
			children = (
				A35D46901E665A6600CDCC48 /* Discovery.storyboard */,
			);
			path = Discovery;
			sourceTree = "<group>";
		};
		A35D46931E665ABB00CDCC48 /* Controller */ = {
			isa = PBXGroup;
			children = (
				A35D46941E665ABB00CDCC48 /* MainViewController.swift */,
			);
			path = Controller;
			sourceTree = "<group>";
		};
		A35D46951E665ABB00CDCC48 /* Model */ = {
			isa = PBXGroup;
			children = (
			);
			path = Model;
			sourceTree = "<group>";
		};
		A35D46961E665ABB00CDCC48 /* View */ = {
			isa = PBXGroup;
			children = (
				A35D46A01E666E0800CDCC48 /* PageTitleView.swift */,
			);
			path = View;
			sourceTree = "<group>";
		};
		A35D46981E665AEB00CDCC48 /* Controller */ = {
			isa = PBXGroup;
			children = (
				A35D469B1E665B0B00CDCC48 /* HomeViewController.swift */,
			);
			path = Controller;
			sourceTree = "<group>";
		};
		A35D46991E665AEB00CDCC48 /* Model */ = {
			isa = PBXGroup;
			children = (
			);
			path = Model;
			sourceTree = "<group>";
		};
		A35D469A1E665AEB00CDCC48 /* View */ = {
			isa = PBXGroup;
			children = (
			);
			path = View;
			sourceTree = "<group>";
		};
		A35D469D1E66623B00CDCC48 /* Extension */ = {
			isa = PBXGroup;
			children = (
				A35D469E1E66629900CDCC48 /* UIBarButtonItem-Extension.swift */,
			);
			path = Extension;
			sourceTree = "<group>";
		};
		A39655151E65AFB4002EE73C = {
			isa = PBXGroup;
			children = (
				A39655201E65AFB4002EE73C /* DouYu */,
				A396551F1E65AFB4002EE73C /* Products */,
			);
			sourceTree = "<group>";
		};
		A396551F1E65AFB4002EE73C /* Products */ = {
			isa = PBXGroup;
			children = (
				A396551E1E65AFB4002EE73C /* DouYu.app */,
			);
			name = Products;
			sourceTree = "<group>";
		};
		A39655201E65AFB4002EE73C /* DouYu */ = {
			isa = PBXGroup;
			children = (
				A351B89E1E65CC52003E312D /* Classes */,
				A39655211E65AFB4002EE73C /* AppDelegate.swift */,
				A39655281E65AFB4002EE73C /* Assets.xcassets */,
				A396552A1E65AFB4002EE73C /* LaunchScreen.storyboard */,
				A396552D1E65AFB4002EE73C /* Info.plist */,
			);
			path = DouYu;
			sourceTree = "<group>";
		};
/* End PBXGroup section */

/* Begin PBXNativeTarget section */
		A396551D1E65AFB4002EE73C /* DouYu */ = {
			isa = PBXNativeTarget;
			buildConfigurationList = A39655301E65AFB5002EE73C /* Build configuration list for PBXNativeTarget "DouYu" */;
			buildPhases = (
				A396551A1E65AFB4002EE73C /* Sources */,
				A396551B1E65AFB4002EE73C /* Frameworks */,
				A396551C1E65AFB4002EE73C /* Resources */,
			);
			buildRules = (
			);
			dependencies = (
			);
			name = DouYu;
			productName = DouYu;
			productReference = A396551E1E65AFB4002EE73C /* DouYu.app */;
			productType = "com.apple.product-type.application";
		};
/* End PBXNativeTarget section */

/* Begin PBXProject section */
		A39655161E65AFB4002EE73C /* Project object */ = {
			isa = PBXProject;
			attributes = {
				LastSwiftUpdateCheck = 0820;
				LastUpgradeCheck = 0820;
				ORGANIZATIONNAME = prince.chen;
				TargetAttributes = {
					A396551D1E65AFB4002EE73C = {
						CreatedOnToolsVersion = 8.2.1;
						DevelopmentTeam = T9YCJ46SRU;
						ProvisioningStyle = Automatic;
					};
				};
			};
			buildConfigurationList = A39655191E65AFB4002EE73C /* Build configuration list for PBXProject "DouYu" */;
			compatibilityVersion = "Xcode 3.2";
			developmentRegion = English;
			hasScannedForEncodings = 0;
			knownRegions = (
				en,
				Base,
			);
			mainGroup = A39655151E65AFB4002EE73C;
			productRefGroup = A396551F1E65AFB4002EE73C /* Products */;
			projectDirPath = "";
			projectRoot = "";
			targets = (
				A396551D1E65AFB4002EE73C /* DouYu */,
			);
		};
/* End PBXProject section */

/* Begin PBXResourcesBuildPhase section */
		A396551C1E65AFB4002EE73C /* Resources */ = {
			isa = PBXResourcesBuildPhase;
			buildActionMask = 2147483647;
			files = (
				A396552C1E65AFB4002EE73C /* LaunchScreen.storyboard in Resources */,
				A39655291E65AFB4002EE73C /* Assets.xcassets in Resources */,
				A39655271E65AFB4002EE73C /* Main.storyboard in Resources */,
				A35D46921E665A6600CDCC48 /* Discovery.storyboard in Resources */,
				A35D46781E6654D400CDCC48 /* Live.storyboard in Resources */,
				A35D46751E66547D00CDCC48 /* Home.storyboard in Resources */,
				A35D468F1E665A5C00CDCC48 /* Profile.storyboard in Resources */,
				A35D467E1E66550F00CDCC48 /* Follow.storyboard in Resources */,
			);
			runOnlyForDeploymentPostprocessing = 0;
		};
/* End PBXResourcesBuildPhase section */

/* Begin PBXSourcesBuildPhase section */
		A396551A1E65AFB4002EE73C /* Sources */ = {
			isa = PBXSourcesBuildPhase;
			buildActionMask = 2147483647;
			files = (
				A39655221E65AFB4002EE73C /* AppDelegate.swift in Sources */,
				A35D46971E665ABB00CDCC48 /* MainViewController.swift in Sources */,
				A35D46A11E666E0800CDCC48 /* PageTitleView.swift in Sources */,
				A35D469F1E66629900CDCC48 /* UIBarButtonItem-Extension.swift in Sources */,
				A35D46A31E66700200CDCC48 /* Common.swift in Sources */,
				A35D469C1E665B0B00CDCC48 /* HomeViewController.swift in Sources */,
			);
			runOnlyForDeploymentPostprocessing = 0;
		};
/* End PBXSourcesBuildPhase section */

/* Begin PBXVariantGroup section */
		A35D46731E66547D00CDCC48 /* Home.storyboard */ = {
			isa = PBXVariantGroup;
			children = (
				A35D46741E66547D00CDCC48 /* Base */,
			);
			name = Home.storyboard;
			path = ../Main;
			sourceTree = "<group>";
		};
		A35D46761E6654D400CDCC48 /* Live.storyboard */ = {
			isa = PBXVariantGroup;
			children = (
				A35D46771E6654D400CDCC48 /* Base */,
			);
			name = Live.storyboard;
			path = ../Main;
			sourceTree = "<group>";
		};
		A35D467C1E66550F00CDCC48 /* Follow.storyboard */ = {
			isa = PBXVariantGroup;
			children = (
				A35D467D1E66550F00CDCC48 /* Base */,
			);
			name = Follow.storyboard;
			path = ../Main;
			sourceTree = "<group>";
		};
		A35D468D1E665A5C00CDCC48 /* Profile.storyboard */ = {
			isa = PBXVariantGroup;
			children = (
				A35D468E1E665A5C00CDCC48 /* Base */,
			);
			name = Profile.storyboard;
			sourceTree = "<group>";
		};
		A35D46901E665A6600CDCC48 /* Discovery.storyboard */ = {
			isa = PBXVariantGroup;
			children = (
				A35D46911E665A6600CDCC48 /* Base */,
			);
			name = Discovery.storyboard;
			sourceTree = "<group>";
		};
		A39655251E65AFB4002EE73C /* Main.storyboard */ = {
			isa = PBXVariantGroup;
			children = (
				A39655261E65AFB4002EE73C /* Base */,
			);
			name = Main.storyboard;
			path = ../..;
			sourceTree = "<group>";
		};
		A396552A1E65AFB4002EE73C /* LaunchScreen.storyboard */ = {
			isa = PBXVariantGroup;
			children = (
				A396552B1E65AFB4002EE73C /* Base */,
			);
			name = LaunchScreen.storyboard;
			sourceTree = "<group>";
		};
/* End PBXVariantGroup section */

/* Begin XCBuildConfiguration section */
		A396552E1E65AFB4002EE73C /* Debug */ = {
			isa = XCBuildConfiguration;
			buildSettings = {
				ALWAYS_SEARCH_USER_PATHS = NO;
				CLANG_ANALYZER_NONNULL = YES;
				CLANG_CXX_LANGUAGE_STANDARD = "gnu++0x";
				CLANG_CXX_LIBRARY = "libc++";
				CLANG_ENABLE_MODULES = YES;
				CLANG_ENABLE_OBJC_ARC = YES;
				CLANG_WARN_BOOL_CONVERSION = YES;
				CLANG_WARN_CONSTANT_CONVERSION = YES;
				CLANG_WARN_DIRECT_OBJC_ISA_USAGE = YES_ERROR;
				CLANG_WARN_DOCUMENTATION_COMMENTS = YES;
				CLANG_WARN_EMPTY_BODY = YES;
				CLANG_WARN_ENUM_CONVERSION = YES;
				CLANG_WARN_INFINITE_RECURSION = YES;
				CLANG_WARN_INT_CONVERSION = YES;
				CLANG_WARN_OBJC_ROOT_CLASS = YES_ERROR;
				CLANG_WARN_SUSPICIOUS_MOVE = YES;
				CLANG_WARN_UNREACHABLE_CODE = YES;
				CLANG_WARN__DUPLICATE_METHOD_MATCH = YES;
				"CODE_SIGN_IDENTITY[sdk=iphoneos*]" = "iPhone Developer";
				COPY_PHASE_STRIP = NO;
				DEBUG_INFORMATION_FORMAT = dwarf;
				ENABLE_STRICT_OBJC_MSGSEND = YES;
				ENABLE_TESTABILITY = YES;
				GCC_C_LANGUAGE_STANDARD = gnu99;
				GCC_DYNAMIC_NO_PIC = NO;
				GCC_NO_COMMON_BLOCKS = YES;
				GCC_OPTIMIZATION_LEVEL = 0;
				GCC_PREPROCESSOR_DEFINITIONS = (
					"DEBUG=1",
					"$(inherited)",
				);
				GCC_WARN_64_TO_32_BIT_CONVERSION = YES;
				GCC_WARN_ABOUT_RETURN_TYPE = YES_ERROR;
				GCC_WARN_UNDECLARED_SELECTOR = YES;
				GCC_WARN_UNINITIALIZED_AUTOS = YES_AGGRESSIVE;
				GCC_WARN_UNUSED_FUNCTION = YES;
				GCC_WARN_UNUSED_VARIABLE = YES;
				IPHONEOS_DEPLOYMENT_TARGET = 10.2;
				MTL_ENABLE_DEBUG_INFO = YES;
				ONLY_ACTIVE_ARCH = YES;
				SDKROOT = iphoneos;
				SWIFT_ACTIVE_COMPILATION_CONDITIONS = DEBUG;
				SWIFT_OPTIMIZATION_LEVEL = "-Onone";
			};
			name = Debug;
		};
		A396552F1E65AFB4002EE73C /* Release */ = {
			isa = XCBuildConfiguration;
			buildSettings = {
				ALWAYS_SEARCH_USER_PATHS = NO;
				CLANG_ANALYZER_NONNULL = YES;
				CLANG_CXX_LANGUAGE_STANDARD = "gnu++0x";
				CLANG_CXX_LIBRARY = "libc++";
				CLANG_ENABLE_MODULES = YES;
				CLANG_ENABLE_OBJC_ARC = YES;
				CLANG_WARN_BOOL_CONVERSION = YES;
				CLANG_WARN_CONSTANT_CONVERSION = YES;
				CLANG_WARN_DIRECT_OBJC_ISA_USAGE = YES_ERROR;
				CLANG_WARN_DOCUMENTATION_COMMENTS = YES;
				CLANG_WARN_EMPTY_BODY = YES;
				CLANG_WARN_ENUM_CONVERSION = YES;
				CLANG_WARN_INFINITE_RECURSION = YES;
				CLANG_WARN_INT_CONVERSION = YES;
				CLANG_WARN_OBJC_ROOT_CLASS = YES_ERROR;
				CLANG_WARN_SUSPICIOUS_MOVE = YES;
				CLANG_WARN_UNREACHABLE_CODE = YES;
				CLANG_WARN__DUPLICATE_METHOD_MATCH = YES;
				"CODE_SIGN_IDENTITY[sdk=iphoneos*]" = "iPhone Developer";
				COPY_PHASE_STRIP = NO;
				DEBUG_INFORMATION_FORMAT = "dwarf-with-dsym";
				ENABLE_NS_ASSERTIONS = NO;
				ENABLE_STRICT_OBJC_MSGSEND = YES;
				GCC_C_LANGUAGE_STANDARD = gnu99;
				GCC_NO_COMMON_BLOCKS = YES;
				GCC_WARN_64_TO_32_BIT_CONVERSION = YES;
				GCC_WARN_ABOUT_RETURN_TYPE = YES_ERROR;
				GCC_WARN_UNDECLARED_SELECTOR = YES;
				GCC_WARN_UNINITIALIZED_AUTOS = YES_AGGRESSIVE;
				GCC_WARN_UNUSED_FUNCTION = YES;
				GCC_WARN_UNUSED_VARIABLE = YES;
				IPHONEOS_DEPLOYMENT_TARGET = 10.2;
				MTL_ENABLE_DEBUG_INFO = NO;
				SDKROOT = iphoneos;
				SWIFT_OPTIMIZATION_LEVEL = "-Owholemodule";
				VALIDATE_PRODUCT = YES;
			};
			name = Release;
		};
		A39655311E65AFB5002EE73C /* Debug */ = {
			isa = XCBuildConfiguration;
			buildSettings = {
				ASSETCATALOG_COMPILER_APPICON_NAME = AppIcon;
				ASSETCATALOG_COMPILER_LAUNCHIMAGE_NAME = LaunchImage;
				DEVELOPMENT_TEAM = T9YCJ46SRU;
				INFOPLIST_FILE = DouYu/Info.plist;
				IPHONEOS_DEPLOYMENT_TARGET = 9.0;
				LD_RUNPATH_SEARCH_PATHS = "$(inherited) @executable_path/Frameworks";
				PRODUCT_BUNDLE_IDENTIFIER = com.princechen.DouYu;
				PRODUCT_NAME = "$(TARGET_NAME)";
				SWIFT_VERSION = 3.0;
			};
			name = Debug;
		};
		A39655321E65AFB5002EE73C /* Release */ = {
			isa = XCBuildConfiguration;
			buildSettings = {
				ASSETCATALOG_COMPILER_APPICON_NAME = AppIcon;
				ASSETCATALOG_COMPILER_LAUNCHIMAGE_NAME = LaunchImage;
				DEVELOPMENT_TEAM = T9YCJ46SRU;
				INFOPLIST_FILE = DouYu/Info.plist;
				IPHONEOS_DEPLOYMENT_TARGET = 9.0;
				LD_RUNPATH_SEARCH_PATHS = "$(inherited) @executable_path/Frameworks";
				PRODUCT_BUNDLE_IDENTIFIER = com.princechen.DouYu;
				PRODUCT_NAME = "$(TARGET_NAME)";
				SWIFT_VERSION = 3.0;
			};
			name = Release;
		};
/* End XCBuildConfiguration section */

/* Begin XCConfigurationList section */
		A39655191E65AFB4002EE73C /* Build configuration list for PBXProject "DouYu" */ = {
			isa = XCConfigurationList;
			buildConfigurations = (
				A396552E1E65AFB4002EE73C /* Debug */,
				A396552F1E65AFB4002EE73C /* Release */,
			);
			defaultConfigurationIsVisible = 0;
			defaultConfigurationName = Release;
		};
		A39655301E65AFB5002EE73C /* Build configuration list for PBXNativeTarget "DouYu" */ = {
			isa = XCConfigurationList;
			buildConfigurations = (
				A39655311E65AFB5002EE73C /* Debug */,
				A39655321E65AFB5002EE73C /* Release */,
			);
			defaultConfigurationIsVisible = 0;
			defaultConfigurationName = Release;
		};
/* End XCConfigurationList section */
	};
	rootObject = A39655161E65AFB4002EE73C /* Project object */;
}
